Microsoft Visual Studio Solution File, Format Version 12.00
# Visual Studio 16
Project("{F184B08F-C81C-45F6-A57F-5ABD9991F28F}") = "Q521663", "Q521663\Q521663.Net5.vbproj", "{E5E4CAB9-AF3A-4D0C-B8B8-E4A044067B6D}"
EndProject
Global
	GlobalSection(SolutionConfigurationPlatforms) = preSolution
		Debug|Any CPU = Debug|Any CPU
		Release|Any CPU = Release|Any CPU
	EndGlobalSection
	GlobalSection(ProjectConfigurationPlatforms) = postSolution
		{E5E4CAB9-AF3A-4D0C-B8B8-E4A044067B6D}.Debug|Any CPU.ActiveCfg = Debug|Any CPU
		{E5E4CAB9-AF3A-4D0C-B8B8-E4A044067B6D}.Debug|Any CPU.Build.0 = Debug|Any CPU
		{E5E4CAB9-AF3A-4D0C-B8B8-E4A044067B6D}.Release|Any CPU.ActiveCfg = Release|Any CPU
		{E5E4CAB9-AF3A-4D0C-B8B8-E4A044067B6D}.Release|Any CPU.Build.0 = Release|Any CPU
	EndGlobalSection
	GlobalSection(SolutionProperties) = preSolution
		HideSolutionNode = FALSE
	EndGlobalSection
EndGlobal
